# This file is automatically @generated by Poetry 1.5.1 and should not be changed by hand.

[[package]]
name = "antiorm"
version = "1.2.1"
description = "A Pythonic Helper for DBAPI-2.0 SQL Access"
optional = false
python-versions = "*"
files = [
    {file = "antiorm-1.2.1.tar.gz", hash = "sha256:96eb1841ce5163db4cf1dc13f4499ec2d7cffc190cf724b78ffdd3e6b7c4ff93"},
]

[[package]]
name = "db"
version = "0.1.1"
description = "Databases for Humans"
optional = false
python-versions = "*"
files = [
    {file = "db-0.1.1.tar.gz", hash = "sha256:980e772f15c1161d3b287ffec4f144e40961b0b3e6d5102809577870bf6c5808"},
]

[package.dependencies]
antiorm = "*"

[metadata]
lock-version = "2.0"
python-versions = "^3.10"
content-hash = "e4fe0ca721845b48d0f0dfa2f00089330f41c629a862381b20e90a393c0d663b"
